
Microsoft Visual Studio Solution File, Format Version 12.00
# Visual Studio 2015
Project("{FAE04EC0-301F-11D3-BF4B-00C04F79EFBC}") = "Temple run prototype.CSharp", "Temple run prototype.CSharp.csproj", "{7C5424F2-FC11-6CDC-D8B3-0F3110C365A8}"
EndProject
Project("{FAE04EC0-301F-11D3-BF4B-00C04F79EFBC}") = "Temple run prototype.CSharp.Editor", "Temple run prototype.CSharp.Editor.csproj", "{2C610C20-20CF-4CC5-047D-E3D082ACF08C}"
EndProject
Global
	GlobalSection(SolutionConfigurationPlatforms) = preSolution
		Debug|Any CPU = Debug|Any CPU
		Release|Any CPU = Release|Any CPU
	EndGlobalSection
	GlobalSection(ProjectConfigurationPlatforms) = postSolution
		{7C5424F2-FC11-6CDC-D8B3-0F3110C365A8}.Debug|Any CPU.ActiveCfg = Debug|Any CPU
		{7C5424F2-FC11-6CDC-D8B3-0F3110C365A8}.Debug|Any CPU.Build.0 = Debug|Any CPU
		{7C5424F2-FC11-6CDC-D8B3-0F3110C365A8}.Release|Any CPU.ActiveCfg = Release|Any CPU
		{7C5424F2-FC11-6CDC-D8B3-0F3110C365A8}.Release|Any CPU.Build.0 = Release|Any CPU
		{2C610C20-20CF-4CC5-047D-E3D082ACF08C}.Debug|Any CPU.ActiveCfg = Debug|Any CPU
		{2C610C20-20CF-4CC5-047D-E3D082ACF08C}.Debug|Any CPU.Build.0 = Debug|Any CPU
		{2C610C20-20CF-4CC5-047D-E3D082ACF08C}.Release|Any CPU.ActiveCfg = Release|Any CPU
		{2C610C20-20CF-4CC5-047D-E3D082ACF08C}.Release|Any CPU.Build.0 = Release|Any CPU
	EndGlobalSection
	GlobalSection(SolutionProperties) = preSolution
		HideSolutionNode = FALSE
	EndGlobalSection
EndGlobal
