
Microsoft Visual Studio Solution File, Format Version 12.00
# Visual Studio 2017
Project("{FAE04EC0-301F-11D3-BF4B-00C04F79EFBC}") = "Temple run prototype", "Temple run prototype.csproj", "{A152B922-2EA2-C584-529B-EA629E6D5118}"
EndProject
Project("{FAE04EC0-301F-11D3-BF4B-00C04F79EFBC}") = "Temple run prototype.Editor", "Temple run prototype.Editor.csproj", "{0BF1F275-36D9-8EE4-3A26-FB5E34F1C557}"
EndProject
Global
	GlobalSection(SolutionConfigurationPlatforms) = preSolution
		Debug|Any CPU = Debug|Any CPU
		Release|Any CPU = Release|Any CPU
	EndGlobalSection
	GlobalSection(ProjectConfigurationPlatforms) = postSolution
		{A152B922-2EA2-C584-529B-EA629E6D5118}.Debug|Any CPU.ActiveCfg = Debug|Any CPU
		{A152B922-2EA2-C584-529B-EA629E6D5118}.Debug|Any CPU.Build.0 = Debug|Any CPU
		{A152B922-2EA2-C584-529B-EA629E6D5118}.Release|Any CPU.ActiveCfg = Release|Any CPU
		{A152B922-2EA2-C584-529B-EA629E6D5118}.Release|Any CPU.Build.0 = Release|Any CPU
		{0BF1F275-36D9-8EE4-3A26-FB5E34F1C557}.Debug|Any CPU.ActiveCfg = Debug|Any CPU
		{0BF1F275-36D9-8EE4-3A26-FB5E34F1C557}.Debug|Any CPU.Build.0 = Debug|Any CPU
		{0BF1F275-36D9-8EE4-3A26-FB5E34F1C557}.Release|Any CPU.ActiveCfg = Release|Any CPU
		{0BF1F275-36D9-8EE4-3A26-FB5E34F1C557}.Release|Any CPU.Build.0 = Release|Any CPU
	EndGlobalSection
	GlobalSection(SolutionProperties) = preSolution
		HideSolutionNode = FALSE
	EndGlobalSection
EndGlobal
